// !$*UTF8*$!
{
	archiveVersion = 1;
	classes = {
	};
	objectVersion = 46;
	objects = {

/* Begin PBXBuildFile section */
		8427AFF11B1757D0002CA442 /* DataRequestPackage.m in Sources */ = {isa = PBXBuildFile; fileRef = 8427AFF01B1757D0002CA442 /* DataRequestPackage.m */; };
		8427AFF81B18BCCD002CA442 /* DataResponseParser.m in Sources */ = {isa = PBXBuildFile; fileRef = 8427AFF71B18BCCD002CA442 /* DataResponseParser.m */; };
		8427AFFB1B1A04F4002CA442 /* TestViewController.m in Sources */ = {isa = PBXBuildFile; fileRef = 8427AFFA1B1A04F4002CA442 /* TestViewController.m */; };
		8427AFFF1B1B51EE002CA442 /* DataRequest.m in Sources */ = {isa = PBXBuildFile; fileRef = 8427AFFE1B1B51EE002CA442 /* DataRequest.m */; };
		8427B0051B1DE9A3002CA442 /* NSJSONSerialization+Tool.m in Sources */ = {isa = PBXBuildFile; fileRef = 8427B0041B1DE9A3002CA442 /* NSJSONSerialization+Tool.m */; };
		8427B0081B241A80002CA442 /* NSString+Tool.m in Sources */ = {isa = PBXBuildFile; fileRef = 8427B0071B241A80002CA442 /* NSString+Tool.m */; };
		84B15E211B273291004761F9 /* MBProgressHUD.m in Sources */ = {isa = PBXBuildFile; fileRef = 84B15E201B273291004761F9 /* MBProgressHUD.m */; };
		84B15E361B288CE2004761F9 /* AFHTTPRequestOperation.m in Sources */ = {isa = PBXBuildFile; fileRef = 84B15E241B288CE2004761F9 /* AFHTTPRequestOperation.m */; };
		84B15E371B288CE2004761F9 /* AFHTTPRequestOperationManager.m in Sources */ = {isa = PBXBuildFile; fileRef = 84B15E261B288CE2004761F9 /* AFHTTPRequestOperationManager.m */; };
		84B15E381B288CE2004761F9 /* AFHTTPSessionManager.m in Sources */ = {isa = PBXBuildFile; fileRef = 84B15E281B288CE2004761F9 /* AFHTTPSessionManager.m */; };
		84B15E391B288CE2004761F9 /* AFNetworkReachabilityManager.m in Sources */ = {isa = PBXBuildFile; fileRef = 84B15E2B1B288CE2004761F9 /* AFNetworkReachabilityManager.m */; };
		84B15E3A1B288CE2004761F9 /* AFSecurityPolicy.m in Sources */ = {isa = PBXBuildFile; fileRef = 84B15E2D1B288CE2004761F9 /* AFSecurityPolicy.m */; };
		84B15E3B1B288CE2004761F9 /* AFURLConnectionOperation.m in Sources */ = {isa = PBXBuildFile; fileRef = 84B15E2F1B288CE2004761F9 /* AFURLConnectionOperation.m */; };
		84B15E3C1B288CE2004761F9 /* AFURLRequestSerialization.m in Sources */ = {isa = PBXBuildFile; fileRef = 84B15E311B288CE2004761F9 /* AFURLRequestSerialization.m */; };
		84B15E3D1B288CE2004761F9 /* AFURLResponseSerialization.m in Sources */ = {isa = PBXBuildFile; fileRef = 84B15E331B288CE2004761F9 /* AFURLResponseSerialization.m */; };
		84B15E3E1B288CE2004761F9 /* AFURLSessionManager.m in Sources */ = {isa = PBXBuildFile; fileRef = 84B15E351B288CE2004761F9 /* AFURLSessionManager.m */; };
		84B15E411B2F120B004761F9 /* DownloadManager.m in Sources */ = {isa = PBXBuildFile; fileRef = 84B15E401B2F120B004761F9 /* DownloadManager.m */; };
		84B5D74E1B0B8608006F413D /* main.m in Sources */ = {isa = PBXBuildFile; fileRef = 84B5D74D1B0B8608006F413D /* main.m */; };
		84B5D76B1B0B8608006F413D /* DiZiESTests.m in Sources */ = {isa = PBXBuildFile; fileRef = 84B5D76A1B0B8608006F413D /* DiZiESTests.m */; };
		84B5D7831B0B88E6006F413D /* AppDelegate.m in Sources */ = {isa = PBXBuildFile; fileRef = 84B5D7821B0B88E6006F413D /* AppDelegate.m */; };
		84B5D78B1B0B891B006F413D /* FileManager.m in Sources */ = {isa = PBXBuildFile; fileRef = 84B5D7851B0B891B006F413D /* FileManager.m */; };
		84B5D78C1B0B891B006F413D /* NSObject+Tool.m in Sources */ = {isa = PBXBuildFile; fileRef = 84B5D7871B0B891B006F413D /* NSObject+Tool.m */; };
		84B5D78D1B0B891B006F413D /* UIView+Tool.m in Sources */ = {isa = PBXBuildFile; fileRef = 84B5D78A1B0B891B006F413D /* UIView+Tool.m */; };
		84B5D7931B0B8944006F413D /* DiZiES.xcdatamodeld in Sources */ = {isa = PBXBuildFile; fileRef = 84B5D78F1B0B8944006F413D /* DiZiES.xcdatamodeld */; };
		84B5D7941B0B8944006F413D /* Images.xcassets in Resources */ = {isa = PBXBuildFile; fileRef = 84B5D7911B0B8944006F413D /* Images.xcassets */; };
		84B5D7991B0B8967006F413D /* LaunchScreen.xib in Resources */ = {isa = PBXBuildFile; fileRef = 84B5D7951B0B8967006F413D /* LaunchScreen.xib */; };
		84B5D79A1B0B8967006F413D /* Main.storyboard in Resources */ = {isa = PBXBuildFile; fileRef = 84B5D7971B0B8967006F413D /* Main.storyboard */; };
		84B5D7A21B0B8A08006F413D /* EBSBaseViewController.m in Sources */ = {isa = PBXBuildFile; fileRef = 84B5D79F1B0B8A08006F413D /* EBSBaseViewController.m */; };
		84B5D7A31B0B8A08006F413D /* EBSTabBarViewController.m in Sources */ = {isa = PBXBuildFile; fileRef = 84B5D7A11B0B8A08006F413D /* EBSTabBarViewController.m */; };
		84B5D7A61B0B8A2C006F413D /* PersonalCenterViewController.m in Sources */ = {isa = PBXBuildFile; fileRef = 84B5D7A51B0B8A2C006F413D /* PersonalCenterViewController.m */; };
		84B5D7A91B0B8A3C006F413D /* FileManagerViewController.m in Sources */ = {isa = PBXBuildFile; fileRef = 84B5D7A81B0B8A3C006F413D /* FileManagerViewController.m */; };
		84B5D7AC1B0B8A4F006F413D /* HomeViewController.m in Sources */ = {isa = PBXBuildFile; fileRef = 84B5D7AB1B0B8A4F006F413D /* HomeViewController.m */; };
		84F053821B0CD90400C441AC /* UIColor+Tool.m in Sources */ = {isa = PBXBuildFile; fileRef = 84F053811B0CD90400C441AC /* UIColor+Tool.m */; };
		84F053861B0E19FD00C441AC /* HomeListTableViewCell.m in Sources */ = {isa = PBXBuildFile; fileRef = 84F053851B0E19FD00C441AC /* HomeListTableViewCell.m */; };
		84F053891B0E1BE800C441AC /* UIImage+Tool.m in Sources */ = {isa = PBXBuildFile; fileRef = 84F053881B0E1BE800C441AC /* UIImage+Tool.m */; };
		84F0538F1B0E293B00C441AC /* HomeDataModle.m in Sources */ = {isa = PBXBuildFile; fileRef = 84F0538E1B0E293B00C441AC /* HomeDataModle.m */; };
		84F053C71B10B2AB00C441AC /* EBSMainViewController.m in Sources */ = {isa = PBXBuildFile; fileRef = 84F053C61B10B2AB00C441AC /* EBSMainViewController.m */; };
		84F053CD1B10CA0A00C441AC /* MainTableViewCell.m in Sources */ = {isa = PBXBuildFile; fileRef = 84F053CC1B10CA0A00C441AC /* MainTableViewCell.m */; };
		84F053D01B10CA7000C441AC /* MainDataModle.m in Sources */ = {isa = PBXBuildFile; fileRef = 84F053CF1B10CA7000C441AC /* MainDataModle.m */; };
		84F053D41B11629700C441AC /* default_userPortrait.png in Resources */ = {isa = PBXBuildFile; fileRef = 84F053D31B11629700C441AC /* default_userPortrait.png */; };
		84F053D81B1171C100C441AC /* lefttab_1.png in Resources */ = {isa = PBXBuildFile; fileRef = 84F053D51B1171C100C441AC /* lefttab_1.png */; };
		84F053D91B1171C100C441AC /* lefttab_2.png in Resources */ = {isa = PBXBuildFile; fileRef = 84F053D61B1171C100C441AC /* lefttab_2.png */; };
		84F053DA1B1171C100C441AC /* lefttab_3.png in Resources */ = {isa = PBXBuildFile; fileRef = 84F053D71B1171C100C441AC /* lefttab_3.png */; };
		84F053DE1B11A5EB00C441AC /* lefttab_select_1.png in Resources */ = {isa = PBXBuildFile; fileRef = 84F053DB1B11A5EB00C441AC /* lefttab_select_1.png */; };
		84F053DF1B11A5EB00C441AC /* lefttab_select_2.png in Resources */ = {isa = PBXBuildFile; fileRef = 84F053DC1B11A5EB00C441AC /* lefttab_select_2.png */; };
		84F053E01B11A5EB00C441AC /* lefttab_select_3.png in Resources */ = {isa = PBXBuildFile; fileRef = 84F053DD1B11A5EB00C441AC /* lefttab_select_3.png */; };
		84F053E41B11BCBA00C441AC /* LoginViewController.m in Sources */ = {isa = PBXBuildFile; fileRef = 84F053E31B11BCBA00C441AC /* LoginViewController.m */; };
		84F053E71B11BD5F00C441AC /* UserInfoModle.m in Sources */ = {isa = PBXBuildFile; fileRef = 84F053E61B11BD5F00C441AC /* UserInfoModle.m */; };
		84F053EE1B121BC000C441AC /* HomeListDataModle.m in Sources */ = {isa = PBXBuildFile; fileRef = 84F053ED1B121BC000C441AC /* HomeListDataModle.m */; };
		84F053F11B121BED00C441AC /* HomeDataHelper.m in Sources */ = {isa = PBXBuildFile; fileRef = 84F053F01B121BED00C441AC /* HomeDataHelper.m */; };
		84F053F31B14B5D600C441AC /* folder.png in Resources */ = {isa = PBXBuildFile; fileRef = 84F053F21B14B5D600C441AC /* folder.png */; };
/* End PBXBuildFile section */

/* Begin PBXContainerItemProxy section */
		84B5D7651B0B8608006F413D /* PBXContainerItemProxy */ = {
			isa = PBXContainerItemProxy;
			containerPortal = 84B5D7401B0B8608006F413D /* Project object */;
			proxyType = 1;
			remoteGlobalIDString = 84B5D7471B0B8608006F413D;
			remoteInfo = DiZiES;
		};
/* End PBXContainerItemProxy section */

/* Begin PBXFileReference section */
		8427AFEF1B1757D0002CA442 /* DataRequestPackage.h */ = {isa = PBXFileReference; fileEncoding = 4; lastKnownFileType = sourcecode.c.h; name = DataRequestPackage.h; path = Source/Modles/DataPackage/DataRequestPackage.h; sourceTree = "<group>"; };
		8427AFF01B1757D0002CA442 /* DataRequestPackage.m */ = {isa = PBXFileReference; fileEncoding = 4; lastKnownFileType = sourcecode.c.objc; name = DataRequestPackage.m; path = Source/Modles/DataPackage/DataRequestPackage.m; sourceTree = "<group>"; };
		8427AFF61B18BCCD002CA442 /* DataResponseParser.h */ = {isa = PBXFileReference; fileEncoding = 4; lastKnownFileType = sourcecode.c.h; name = DataResponseParser.h; path = Source/Modles/DataParser/DataResponseParser.h; sourceTree = "<group>"; };
		8427AFF71B18BCCD002CA442 /* DataResponseParser.m */ = {isa = PBXFileReference; fileEncoding = 4; lastKnownFileType = sourcecode.c.objc; name = DataResponseParser.m; path = Source/Modles/DataParser/DataResponseParser.m; sourceTree = "<group>"; };
		8427AFF91B1A04F4002CA442 /* TestViewController.h */ = {isa = PBXFileReference; fileEncoding = 4; lastKnownFileType = sourcecode.c.h; path = TestViewController.h; sourceTree = "<group>"; };
		8427AFFA1B1A04F4002CA442 /* TestViewController.m */ = {isa = PBXFileReference; fileEncoding = 4; lastKnownFileType = sourcecode.c.objc; path = TestViewController.m; sourceTree = "<group>"; };
		8427AFFD1B1B51EE002CA442 /* DataRequest.h */ = {isa = PBXFileReference; fileEncoding = 4; lastKnownFileType = sourcecode.c.h; name = DataRequest.h; path = Source/Modles/DataRequeest/DataRequest.h; sourceTree = "<group>"; };
		8427AFFE1B1B51EE002CA442 /* DataRequest.m */ = {isa = PBXFileReference; fileEncoding = 4; lastKnownFileType = sourcecode.c.objc; name = DataRequest.m; path = Source/Modles/DataRequeest/DataRequest.m; sourceTree = "<group>"; };
		8427B0031B1DE9A3002CA442 /* NSJSONSerialization+Tool.h */ = {isa = PBXFileReference; fileEncoding = 4; lastKnownFileType = sourcecode.c.h; name = "NSJSONSerialization+Tool.h"; path = "Utiles/NSJSONSerialization+Tool.h"; sourceTree = "<group>"; };
		8427B0041B1DE9A3002CA442 /* NSJSONSerialization+Tool.m */ = {isa = PBXFileReference; fileEncoding = 4; lastKnownFileType = sourcecode.c.objc; name = "NSJSONSerialization+Tool.m"; path = "Utiles/NSJSONSerialization+Tool.m"; sourceTree = "<group>"; };
		8427B0061B241A80002CA442 /* NSString+Tool.h */ = {isa = PBXFileReference; fileEncoding = 4; lastKnownFileType = sourcecode.c.h; name = "NSString+Tool.h"; path = "Utiles/NSString+Tool.h"; sourceTree = "<group>"; };
		8427B0071B241A80002CA442 /* NSString+Tool.m */ = {isa = PBXFileReference; fileEncoding = 4; lastKnownFileType = sourcecode.c.objc; name = "NSString+Tool.m"; path = "Utiles/NSString+Tool.m"; sourceTree = "<group>"; };
		84B15E1F1B273291004761F9 /* MBProgressHUD.h */ = {isa = PBXFileReference; fileEncoding = 4; lastKnownFileType = sourcecode.c.h; name = MBProgressHUD.h; path = ThirthParty/MBProgressHUD/MBProgressHUD.h; sourceTree = "<group>"; };
		84B15E201B273291004761F9 /* MBProgressHUD.m */ = {isa = PBXFileReference; fileEncoding = 4; lastKnownFileType = sourcecode.c.objc; name = MBProgressHUD.m; path = ThirthParty/MBProgressHUD/MBProgressHUD.m; sourceTree = "<group>"; };
		84B15E231B288CE2004761F9 /* AFHTTPRequestOperation.h */ = {isa = PBXFileReference; fileEncoding = 4; lastKnownFileType = sourcecode.c.h; name = AFHTTPRequestOperation.h; path = ThirthParty/AFNetworking/AFHTTPRequestOperation.h; sourceTree = "<group>"; };
		84B15E241B288CE2004761F9 /* AFHTTPRequestOperation.m */ = {isa = PBXFileReference; fileEncoding = 4; lastKnownFileType = sourcecode.c.objc; name = AFHTTPRequestOperation.m; path = ThirthParty/AFNetworking/AFHTTPRequestOperation.m; sourceTree = "<group>"; };
		84B15E251B288CE2004761F9 /* AFHTTPRequestOperationManager.h */ = {isa = PBXFileReference; fileEncoding = 4; lastKnownFileType = sourcecode.c.h; name = AFHTTPRequestOperationManager.h; path = ThirthParty/AFNetworking/AFHTTPRequestOperationManager.h; sourceTree = "<group>"; };
		84B15E261B288CE2004761F9 /* AFHTTPRequestOperationManager.m */ = {isa = PBXFileReference; fileEncoding = 4; lastKnownFileType = sourcecode.c.objc; name = AFHTTPRequestOperationManager.m; path = ThirthParty/AFNetworking/AFHTTPRequestOperationManager.m; sourceTree = "<group>"; };
		84B15E271B288CE2004761F9 /* AFHTTPSessionManager.h */ = {isa = PBXFileReference; fileEncoding = 4; lastKnownFileType = sourcecode.c.h; name = AFHTTPSessionManager.h; path = ThirthParty/AFNetworking/AFHTTPSessionManager.h; sourceTree = "<group>"; };
		84B15E281B288CE2004761F9 /* AFHTTPSessionManager.m */ = {isa = PBXFileReference; fileEncoding = 4; lastKnownFileType = sourcecode.c.objc; name = AFHTTPSessionManager.m; path = ThirthParty/AFNetworking/AFHTTPSessionManager.m; sourceTree = "<group>"; };
		84B15E291B288CE2004761F9 /* AFNetworking.h */ = {isa = PBXFileReference; fileEncoding = 4; lastKnownFileType = sourcecode.c.h; name = AFNetworking.h; path = ThirthParty/AFNetworking/AFNetworking.h; sourceTree = "<group>"; };
		84B15E2A1B288CE2004761F9 /* AFNetworkReachabilityManager.h */ = {isa = PBXFileReference; fileEncoding = 4; lastKnownFileType = sourcecode.c.h; name = AFNetworkReachabilityManager.h; path = ThirthParty/AFNetworking/AFNetworkReachabilityManager.h; sourceTree = "<group>"; };
		84B15E2B1B288CE2004761F9 /* AFNetworkReachabilityManager.m */ = {isa = PBXFileReference; fileEncoding = 4; lastKnownFileType = sourcecode.c.objc; name = AFNetworkReachabilityManager.m; path = ThirthParty/AFNetworking/AFNetworkReachabilityManager.m; sourceTree = "<group>"; };
		84B15E2C1B288CE2004761F9 /* AFSecurityPolicy.h */ = {isa = PBXFileReference; fileEncoding = 4; lastKnownFileType = sourcecode.c.h; name = AFSecurityPolicy.h; path = ThirthParty/AFNetworking/AFSecurityPolicy.h; sourceTree = "<group>"; };
		84B15E2D1B288CE2004761F9 /* AFSecurityPolicy.m */ = {isa = PBXFileReference; fileEncoding = 4; lastKnownFileType = sourcecode.c.objc; name = AFSecurityPolicy.m; path = ThirthParty/AFNetworking/AFSecurityPolicy.m; sourceTree = "<group>"; };
		84B15E2E1B288CE2004761F9 /* AFURLConnectionOperation.h */ = {isa = PBXFileReference; fileEncoding = 4; lastKnownFileType = sourcecode.c.h; name = AFURLConnectionOperation.h; path = ThirthParty/AFNetworking/AFURLConnectionOperation.h; sourceTree = "<group>"; };
		84B15E2F1B288CE2004761F9 /* AFURLConnectionOperation.m */ = {isa = PBXFileReference; fileEncoding = 4; lastKnownFileType = sourcecode.c.objc; name = AFURLConnectionOperation.m; path = ThirthParty/AFNetworking/AFURLConnectionOperation.m; sourceTree = "<group>"; };
		84B15E301B288CE2004761F9 /* AFURLRequestSerialization.h */ = {isa = PBXFileReference; fileEncoding = 4; lastKnownFileType = sourcecode.c.h; name = AFURLRequestSerialization.h; path = ThirthParty/AFNetworking/AFURLRequestSerialization.h; sourceTree = "<group>"; };
		84B15E311B288CE2004761F9 /* AFURLRequestSerialization.m */ = {isa = PBXFileReference; fileEncoding = 4; lastKnownFileType = sourcecode.c.objc; name = AFURLRequestSerialization.m; path = ThirthParty/AFNetworking/AFURLRequestSerialization.m; sourceTree = "<group>"; };
		84B15E321B288CE2004761F9 /* AFURLResponseSerialization.h */ = {isa = PBXFileReference; fileEncoding = 4; lastKnownFileType = sourcecode.c.h; name = AFURLResponseSerialization.h; path = ThirthParty/AFNetworking/AFURLResponseSerialization.h; sourceTree = "<group>"; };
		84B15E331B288CE2004761F9 /* AFURLResponseSerialization.m */ = {isa = PBXFileReference; fileEncoding = 4; lastKnownFileType = sourcecode.c.objc; name = AFURLResponseSerialization.m; path = ThirthParty/AFNetworking/AFURLResponseSerialization.m; sourceTree = "<group>"; };
		84B15E341B288CE2004761F9 /* AFURLSessionManager.h */ = {isa = PBXFileReference; fileEncoding = 4; lastKnownFileType = sourcecode.c.h; name = AFURLSessionManager.h; path = ThirthParty/AFNetworking/AFURLSessionManager.h; sourceTree = "<group>"; };
		84B15E351B288CE2004761F9 /* AFURLSessionManager.m */ = {isa = PBXFileReference; fileEncoding = 4; lastKnownFileType = sourcecode.c.objc; name = AFURLSessionManager.m; path = ThirthParty/AFNetworking/AFURLSessionManager.m; sourceTree = "<group>"; };
		84B15E3F1B2F120B004761F9 /* DownloadManager.h */ = {isa = PBXFileReference; fileEncoding = 4; lastKnownFileType = sourcecode.c.h; name = DownloadManager.h; path = Utiles/DownloadManager.h; sourceTree = "<group>"; };
		84B15E401B2F120B004761F9 /* DownloadManager.m */ = {isa = PBXFileReference; fileEncoding = 4; lastKnownFileType = sourcecode.c.objc; name = DownloadManager.m; path = Utiles/DownloadManager.m; sourceTree = "<group>"; };
		84B5D7481B0B8608006F413D /* DiZiES.app */ = {isa = PBXFileReference; explicitFileType = wrapper.application; includeInIndex = 0; path = DiZiES.app; sourceTree = BUILT_PRODUCTS_DIR; };
		84B5D74C1B0B8608006F413D /* Info.plist */ = {isa = PBXFileReference; lastKnownFileType = text.plist.xml; path = Info.plist; sourceTree = "<group>"; };
		84B5D74D1B0B8608006F413D /* main.m */ = {isa = PBXFileReference; lastKnownFileType = sourcecode.c.objc; path = main.m; sourceTree = "<group>"; };
		84B5D7641B0B8608006F413D /* DiZiESTests.xctest */ = {isa = PBXFileReference; explicitFileType = wrapper.cfbundle; includeInIndex = 0; path = DiZiESTests.xctest; sourceTree = BUILT_PRODUCTS_DIR; };
		84B5D7691B0B8608006F413D /* Info.plist */ = {isa = PBXFileReference; lastKnownFileType = text.plist.xml; path = Info.plist; sourceTree = "<group>"; };
		84B5D76A1B0B8608006F413D /* DiZiESTests.m */ = {isa = PBXFileReference; lastKnownFileType = sourcecode.c.objc; path = DiZiESTests.m; sourceTree = "<group>"; };
		84B5D7811B0B88E6006F413D /* AppDelegate.h */ = {isa = PBXFileReference; fileEncoding = 4; lastKnownFileType = sourcecode.c.h; name = AppDelegate.h; path = Source/AppDelegate.h; sourceTree = "<group>"; };
		84B5D7821B0B88E6006F413D /* AppDelegate.m */ = {isa = PBXFileReference; fileEncoding = 4; lastKnownFileType = sourcecode.c.objc; name = AppDelegate.m; path = Source/AppDelegate.m; sourceTree = "<group>"; };
		84B5D7841B0B891B006F413D /* FileManager.h */ = {isa = PBXFileReference; fileEncoding = 4; lastKnownFileType = sourcecode.c.h; name = FileManager.h; path = Utiles/FileManager.h; sourceTree = "<group>"; };
		84B5D7851B0B891B006F413D /* FileManager.m */ = {isa = PBXFileReference; fileEncoding = 4; lastKnownFileType = sourcecode.c.objc; name = FileManager.m; path = Utiles/FileManager.m; sourceTree = "<group>"; };
		84B5D7861B0B891B006F413D /* NSObject+Tool.h */ = {isa = PBXFileReference; fileEncoding = 4; lastKnownFileType = sourcecode.c.h; name = "NSObject+Tool.h"; path = "Utiles/NSObject+Tool.h"; sourceTree = "<group>"; };
		84B5D7871B0B891B006F413D /* NSObject+Tool.m */ = {isa = PBXFileReference; fileEncoding = 4; lastKnownFileType = sourcecode.c.objc; name = "NSObject+Tool.m"; path = "Utiles/NSObject+Tool.m"; sourceTree = "<group>"; };
		84B5D7881B0B891B006F413D /* Tools.h */ = {isa = PBXFileReference; fileEncoding = 4; lastKnownFileType = sourcecode.c.h; name = Tools.h; path = Utiles/Tools.h; sourceTree = "<group>"; };
		84B5D7891B0B891B006F413D /* UIView+Tool.h */ = {isa = PBXFileReference; fileEncoding = 4; lastKnownFileType = sourcecode.c.h; name = "UIView+Tool.h"; path = "Utiles/UIView+Tool.h"; sourceTree = "<group>"; };
		84B5D78A1B0B891B006F413D /* UIView+Tool.m */ = {isa = PBXFileReference; fileEncoding = 4; lastKnownFileType = sourcecode.c.objc; name = "UIView+Tool.m"; path = "Utiles/UIView+Tool.m"; sourceTree = "<group>"; };
		84B5D7901B0B8944006F413D /* DiZiES.xcdatamodel */ = {isa = PBXFileReference; lastKnownFileType = wrapper.xcdatamodel; path = DiZiES.xcdatamodel; sourceTree = "<group>"; };
		84B5D7911B0B8944006F413D /* Images.xcassets */ = {isa = PBXFileReference; lastKnownFileType = folder.assetcatalog; path = Images.xcassets; sourceTree = "<group>"; };
		84B5D7961B0B8967006F413D /* Base */ = {isa = PBXFileReference; lastKnownFileType = file.xib; name = Base; path = Base.lproj/LaunchScreen.xib; sourceTree = "<group>"; };
		84B5D7981B0B8967006F413D /* Base */ = {isa = PBXFileReference; lastKnownFileType = file.storyboard; name = Base; path = Base.lproj/Main.storyboard; sourceTree = "<group>"; };
		84B5D79E1B0B8A08006F413D /* EBSBaseViewController.h */ = {isa = PBXFileReference; fileEncoding = 4; lastKnownFileType = sourcecode.c.h; name = EBSBaseViewController.h; path = Source/ViewControllers/EBSBaseViewController.h; sourceTree = "<group>"; };
		84B5D79F1B0B8A08006F413D /* EBSBaseViewController.m */ = {isa = PBXFileReference; fileEncoding = 4; lastKnownFileType = sourcecode.c.objc; name = EBSBaseViewController.m; path = Source/ViewControllers/EBSBaseViewController.m; sourceTree = "<group>"; };
		84B5D7A01B0B8A08006F413D /* EBSTabBarViewController.h */ = {isa = PBXFileReference; fileEncoding = 4; lastKnownFileType = sourcecode.c.h; name = EBSTabBarViewController.h; path = Source/ViewControllers/EBSTabBarViewController.h; sourceTree = "<group>"; };
		84B5D7A11B0B8A08006F413D /* EBSTabBarViewController.m */ = {isa = PBXFileReference; fileEncoding = 4; lastKnownFileType = sourcecode.c.objc; name = EBSTabBarViewController.m; path = Source/ViewControllers/EBSTabBarViewController.m; sourceTree = "<group>"; };
		84B5D7A41B0B8A2C006F413D /* PersonalCenterViewController.h */ = {isa = PBXFileReference; fileEncoding = 4; lastKnownFileType = sourcecode.c.h; name = PersonalCenterViewController.h; path = Source/ViewControllers/PersonalCenterViewController/PersonalCenterViewController.h; sourceTree = "<group>"; };
		84B5D7A51B0B8A2C006F413D /* PersonalCenterViewController.m */ = {isa = PBXFileReference; fileEncoding = 4; lastKnownFileType = sourcecode.c.objc; name = PersonalCenterViewController.m; path = Source/ViewControllers/PersonalCenterViewController/PersonalCenterViewController.m; sourceTree = "<group>"; };
		84B5D7A71B0B8A3C006F413D /* FileManagerViewController.h */ = {isa = PBXFileReference; fileEncoding = 4; lastKnownFileType = sourcecode.c.h; name = FileManagerViewController.h; path = Source/ViewControllers/FileDownloadController/FileManagerViewController.h; sourceTree = "<group>"; };
		84B5D7A81B0B8A3C006F413D /* FileManagerViewController.m */ = {isa = PBXFileReference; fileEncoding = 4; lastKnownFileType = sourcecode.c.objc; name = FileManagerViewController.m; path = Source/ViewControllers/FileDownloadController/FileManagerViewController.m; sourceTree = "<group>"; };
		84B5D7AA1B0B8A4F006F413D /* HomeViewController.h */ = {isa = PBXFileReference; fileEncoding = 4; lastKnownFileType = sourcecode.c.h; name = HomeViewController.h; path = Source/ViewControllers/HomeController/HomeViewController.h; sourceTree = "<group>"; };
		84B5D7AB1B0B8A4F006F413D /* HomeViewController.m */ = {isa = PBXFileReference; fileEncoding = 4; lastKnownFileType = sourcecode.c.objc; name = HomeViewController.m; path = Source/ViewControllers/HomeController/HomeViewController.m; sourceTree = "<group>"; };
		84F053801B0CD90400C441AC /* UIColor+Tool.h */ = {isa = PBXFileReference; fileEncoding = 4; lastKnownFileType = sourcecode.c.h; name = "UIColor+Tool.h"; path = "Utiles/UIColor+Tool.h"; sourceTree = "<group>"; };
		84F053811B0CD90400C441AC /* UIColor+Tool.m */ = {isa = PBXFileReference; fileEncoding = 4; lastKnownFileType = sourcecode.c.objc; name = "UIColor+Tool.m"; path = "Utiles/UIColor+Tool.m"; sourceTree = "<group>"; };
		84F053841B0E19FD00C441AC /* HomeListTableViewCell.h */ = {isa = PBXFileReference; fileEncoding = 4; lastKnownFileType = sourcecode.c.h; name = HomeListTableViewCell.h; path = Source/Views/HomeListTableViewCell.h; sourceTree = "<group>"; };
		84F053851B0E19FD00C441AC /* HomeListTableViewCell.m */ = {isa = PBXFileReference; fileEncoding = 4; lastKnownFileType = sourcecode.c.objc; name = HomeListTableViewCell.m; path = Source/Views/HomeListTableViewCell.m; sourceTree = "<group>"; };
		84F053871B0E1BE800C441AC /* UIImage+Tool.h */ = {isa = PBXFileReference; fileEncoding = 4; lastKnownFileType = sourcecode.c.h; name = "UIImage+Tool.h"; path = "Utiles/UIImage+Tool.h"; sourceTree = "<group>"; };
		84F053881B0E1BE800C441AC /* UIImage+Tool.m */ = {isa = PBXFileReference; fileEncoding = 4; lastKnownFileType = sourcecode.c.objc; name = "UIImage+Tool.m"; path = "Utiles/UIImage+Tool.m"; sourceTree = "<group>"; };
		84F0538D1B0E293B00C441AC /* HomeDataModle.h */ = {isa = PBXFileReference; fileEncoding = 4; lastKnownFileType = sourcecode.c.h; name = HomeDataModle.h; path = Source/Modles/HomeDataModle.h; sourceTree = "<group>"; };
		84F0538E1B0E293B00C441AC /* HomeDataModle.m */ = {isa = PBXFileReference; fileEncoding = 4; lastKnownFileType = sourcecode.c.objc; name = HomeDataModle.m; path = Source/Modles/HomeDataModle.m; sourceTree = "<group>"; };
		84F053C51B10B2AB00C441AC /* EBSMainViewController.h */ = {isa = PBXFileReference; fileEncoding = 4; lastKnownFileType = sourcecode.c.h; path = EBSMainViewController.h; sourceTree = "<group>"; };
		84F053C61B10B2AB00C441AC /* EBSMainViewController.m */ = {isa = PBXFileReference; fileEncoding = 4; lastKnownFileType = sourcecode.c.objc; path = EBSMainViewController.m; sourceTree = "<group>"; };
		84F053CB1B10CA0A00C441AC /* MainTableViewCell.h */ = {isa = PBXFileReference; fileEncoding = 4; lastKnownFileType = sourcecode.c.h; name = MainTableViewCell.h; path = Source/Views/MainTableViewCell.h; sourceTree = "<group>"; };
		84F053CC1B10CA0A00C441AC /* MainTableViewCell.m */ = {isa = PBXFileReference; fileEncoding = 4; lastKnownFileType = sourcecode.c.objc; name = MainTableViewCell.m; path = Source/Views/MainTableViewCell.m; sourceTree = "<group>"; };
		84F053CE1B10CA7000C441AC /* MainDataModle.h */ = {isa = PBXFileReference; fileEncoding = 4; lastKnownFileType = sourcecode.c.h; name = MainDataModle.h; path = Source/Modles/MainDataModle.h; sourceTree = "<group>"; };
		84F053CF1B10CA7000C441AC /* MainDataModle.m */ = {isa = PBXFileReference; fileEncoding = 4; lastKnownFileType = sourcecode.c.objc; name = MainDataModle.m; path = Source/Modles/MainDataModle.m; sourceTree = "<group>"; };
		84F053D31B11629700C441AC /* default_userPortrait.png */ = {isa = PBXFileReference; lastKnownFileType = image.png; name = default_userPortrait.png; path = Images/default_userPortrait.png; sourceTree = "<group>"; };
		84F053D51B1171C100C441AC /* lefttab_1.png */ = {isa = PBXFileReference; lastKnownFileType = image.png; name = lefttab_1.png; path = Images/lefttab_1.png; sourceTree = "<group>"; };
		84F053D61B1171C100C441AC /* lefttab_2.png */ = {isa = PBXFileReference; lastKnownFileType = image.png; name = lefttab_2.png; path = Images/lefttab_2.png; sourceTree = "<group>"; };
		84F053D71B1171C100C441AC /* lefttab_3.png */ = {isa = PBXFileReference; lastKnownFileType = image.png; name = lefttab_3.png; path = Images/lefttab_3.png; sourceTree = "<group>"; };
		84F053DB1B11A5EB00C441AC /* lefttab_select_1.png */ = {isa = PBXFileReference; lastKnownFileType = image.png; name = lefttab_select_1.png; path = Images/lefttab_select_1.png; sourceTree = "<group>"; };
		84F053DC1B11A5EB00C441AC /* lefttab_select_2.png */ = {isa = PBXFileReference; lastKnownFileType = image.png; name = lefttab_select_2.png; path = Images/lefttab_select_2.png; sourceTree = "<group>"; };
		84F053DD1B11A5EB00C441AC /* lefttab_select_3.png */ = {isa = PBXFileReference; lastKnownFileType = image.png; name = lefttab_select_3.png; path = Images/lefttab_select_3.png; sourceTree = "<group>"; };
		84F053E21B11BCBA00C441AC /* LoginViewController.h */ = {isa = PBXFileReference; fileEncoding = 4; lastKnownFileType = sourcecode.c.h; name = LoginViewController.h; path = Source/ViewControllers/LoginViewController/LoginViewController.h; sourceTree = "<group>"; };
		84F053E31B11BCBA00C441AC /* LoginViewController.m */ = {isa = PBXFileReference; fileEncoding = 4; lastKnownFileType = sourcecode.c.objc; name = LoginViewController.m; path = Source/ViewControllers/LoginViewController/LoginViewController.m; sourceTree = "<group>"; };
		84F053E51B11BD5F00C441AC /* UserInfoModle.h */ = {isa = PBXFileReference; fileEncoding = 4; lastKnownFileType = sourcecode.c.h; name = UserInfoModle.h; path = Source/Modles/UserInfoModle.h; sourceTree = "<group>"; };
		84F053E61B11BD5F00C441AC /* UserInfoModle.m */ = {isa = PBXFileReference; fileEncoding = 4; lastKnownFileType = sourcecode.c.objc; name = UserInfoModle.m; path = Source/Modles/UserInfoModle.m; sourceTree = "<group>"; };
		84F053EC1B121BC000C441AC /* HomeListDataModle.h */ = {isa = PBXFileReference; fileEncoding = 4; lastKnownFileType = sourcecode.c.h; name = HomeListDataModle.h; path = Source/Modles/CoreDataModle/HomeListDataModle.h; sourceTree = "<group>"; };
		84F053ED1B121BC000C441AC /* HomeListDataModle.m */ = {isa = PBXFileReference; fileEncoding = 4; lastKnownFileType = sourcecode.c.objc; name = HomeListDataModle.m; path = Source/Modles/CoreDataModle/HomeListDataModle.m; sourceTree = "<group>"; };
		84F053EF1B121BED00C441AC /* HomeDataHelper.h */ = {isa = PBXFileReference; fileEncoding = 4; lastKnownFileType = sourcecode.c.h; name = HomeDataHelper.h; path = Source/Modles/CoreDataModle/HomeDataHelper.h; sourceTree = "<group>"; };
		84F053F01B121BED00C441AC /* HomeDataHelper.m */ = {isa = PBXFileReference; fileEncoding = 4; lastKnownFileType = sourcecode.c.objc; name = HomeDataHelper.m; path = Source/Modles/CoreDataModle/HomeDataHelper.m; sourceTree = "<group>"; };
		84F053F21B14B5D600C441AC /* folder.png */ = {isa = PBXFileReference; lastKnownFileType = image.png; name = folder.png; path = Images/folder.png; sourceTree = "<group>"; };
		84F053F51B14BFB800C441AC /* CommonDefine.h */ = {isa = PBXFileReference; fileEncoding = 4; lastKnownFileType = sourcecode.c.h; name = CommonDefine.h; path = Source/Modles/CommonDefine.h; sourceTree = "<group>"; };
/* End PBXFileReference section */

/* Begin PBXFrameworksBuildPhase section */
		84B5D7451B0B8608006F413D /* Frameworks */ = {
			isa = PBXFrameworksBuildPhase;
			buildActionMask = 2147483647;
			files = (
			);
			runOnlyForDeploymentPostprocessing = 0;
		};
		84B5D7611B0B8608006F413D /* Frameworks */ = {
			isa = PBXFrameworksBuildPhase;
			buildActionMask = 2147483647;
			files = (
			);
			runOnlyForDeploymentPostprocessing = 0;
		};
/* End PBXFrameworksBuildPhase section */

/* Begin PBXGroup section */
		8427AFEE1B175797002CA442 /* DataPackage */ = {
			isa = PBXGroup;
			children = (
				8427AFEF1B1757D0002CA442 /* DataRequestPackage.h */,
				8427AFF01B1757D0002CA442 /* DataRequestPackage.m */,
			);
			name = DataPackage;
			sourceTree = "<group>";
		};
		8427AFF51B18BCB2002CA442 /* DataParser */ = {
			isa = PBXGroup;
			children = (
				8427AFF61B18BCCD002CA442 /* DataResponseParser.h */,
				8427AFF71B18BCCD002CA442 /* DataResponseParser.m */,
			);
			name = DataParser;
			sourceTree = "<group>";
		};
		8427AFFC1B1B496F002CA442 /* DataRequest */ = {
			isa = PBXGroup;
			children = (
				8427AFFD1B1B51EE002CA442 /* DataRequest.h */,
				8427AFFE1B1B51EE002CA442 /* DataRequest.m */,
			);
			name = DataRequest;
			sourceTree = "<group>";
		};
		84B15E1D1B27324A004761F9 /* ThirthParty */ = {
			isa = PBXGroup;
			children = (
				84B15E221B288CC0004761F9 /* AFNetWorking */,
				84B15E1E1B27325B004761F9 /* MBPorgressHUB */,
			);
			name = ThirthParty;
			sourceTree = "<group>";
		};
		84B15E1E1B27325B004761F9 /* MBPorgressHUB */ = {
			isa = PBXGroup;
			children = (
				84B15E1F1B273291004761F9 /* MBProgressHUD.h */,
				84B15E201B273291004761F9 /* MBProgressHUD.m */,
			);
			name = MBPorgressHUB;
			sourceTree = "<group>";
		};
		84B15E221B288CC0004761F9 /* AFNetWorking */ = {
			isa = PBXGroup;
			children = (
				84B15E231B288CE2004761F9 /* AFHTTPRequestOperation.h */,
				84B15E241B288CE2004761F9 /* AFHTTPRequestOperation.m */,
				84B15E251B288CE2004761F9 /* AFHTTPRequestOperationManager.h */,
				84B15E261B288CE2004761F9 /* AFHTTPRequestOperationManager.m */,
				84B15E271B288CE2004761F9 /* AFHTTPSessionManager.h */,
				84B15E281B288CE2004761F9 /* AFHTTPSessionManager.m */,
				84B15E291B288CE2004761F9 /* AFNetworking.h */,
				84B15E2A1B288CE2004761F9 /* AFNetworkReachabilityManager.h */,
				84B15E2B1B288CE2004761F9 /* AFNetworkReachabilityManager.m */,
				84B15E2C1B288CE2004761F9 /* AFSecurityPolicy.h */,
				84B15E2D1B288CE2004761F9 /* AFSecurityPolicy.m */,
				84B15E2E1B288CE2004761F9 /* AFURLConnectionOperation.h */,
				84B15E2F1B288CE2004761F9 /* AFURLConnectionOperation.m */,
				84B15E301B288CE2004761F9 /* AFURLRequestSerialization.h */,
				84B15E311B288CE2004761F9 /* AFURLRequestSerialization.m */,
				84B15E321B288CE2004761F9 /* AFURLResponseSerialization.h */,
				84B15E331B288CE2004761F9 /* AFURLResponseSerialization.m */,
				84B15E341B288CE2004761F9 /* AFURLSessionManager.h */,
				84B15E351B288CE2004761F9 /* AFURLSessionManager.m */,
			);
			name = AFNetWorking;
			sourceTree = "<group>";
		};
		84B5D73F1B0B8608006F413D = {
			isa = PBXGroup;
			children = (
				84B5D74A1B0B8608006F413D /* DiZiES */,
				84B5D7671B0B8608006F413D /* DiZiESTests */,
				84B5D7491B0B8608006F413D /* Products */,
			);
			sourceTree = "<group>";
		};
		84B5D7491B0B8608006F413D /* Products */ = {
			isa = PBXGroup;
			children = (
				84B5D7481B0B8608006F413D /* DiZiES.app */,
				84B5D7641B0B8608006F413D /* DiZiESTests.xctest */,
			);
			name = Products;
			sourceTree = "<group>";
		};
		84B5D74A1B0B8608006F413D /* DiZiES */ = {
			isa = PBXGroup;
			children = (
				84B15E1D1B27324A004761F9 /* ThirthParty */,
				84B5D77D1B0B887F006F413D /* Source */,
				84B5D77C1B0B8878006F413D /* Images */,
				84B5D77A1B0B885C006F413D /* Utles */,
				84B5D74B1B0B8608006F413D /* Supporting Files */,
			);
			path = DiZiES;
			sourceTree = "<group>";
		};
		84B5D74B1B0B8608006F413D /* Supporting Files */ = {
			isa = PBXGroup;
			children = (
				84B5D7951B0B8967006F413D /* LaunchScreen.xib */,
				84B5D7971B0B8967006F413D /* Main.storyboard */,
				84B5D78F1B0B8944006F413D /* DiZiES.xcdatamodeld */,
				84B5D7911B0B8944006F413D /* Images.xcassets */,
				84B5D74C1B0B8608006F413D /* Info.plist */,
				84B5D74D1B0B8608006F413D /* main.m */,
			);
			name = "Supporting Files";
			sourceTree = "<group>";
		};
		84B5D7671B0B8608006F413D /* DiZiESTests */ = {
			isa = PBXGroup;
			children = (
				84B5D76A1B0B8608006F413D /* DiZiESTests.m */,
				84B5D7681B0B8608006F413D /* Supporting Files */,
			);
			path = DiZiESTests;
			sourceTree = "<group>";
		};
		84B5D7681B0B8608006F413D /* Supporting Files */ = {
			isa = PBXGroup;
			children = (
				84B5D7691B0B8608006F413D /* Info.plist */,
			);
			name = "Supporting Files";
			sourceTree = "<group>";
		};
		84B5D77A1B0B885C006F413D /* Utles */ = {
			isa = PBXGroup;
			children = (
				84B5D7841B0B891B006F413D /* FileManager.h */,
				84B5D7851B0B891B006F413D /* FileManager.m */,
				84F053871B0E1BE800C441AC /* UIImage+Tool.h */,
				84F053881B0E1BE800C441AC /* UIImage+Tool.m */,
				84F053801B0CD90400C441AC /* UIColor+Tool.h */,
				84F053811B0CD90400C441AC /* UIColor+Tool.m */,
				84B5D7861B0B891B006F413D /* NSObject+Tool.h */,
				84B5D7871B0B891B006F413D /* NSObject+Tool.m */,
				84B5D7881B0B891B006F413D /* Tools.h */,
				84B5D7891B0B891B006F413D /* UIView+Tool.h */,
				84B5D78A1B0B891B006F413D /* UIView+Tool.m */,
				8427B0031B1DE9A3002CA442 /* NSJSONSerialization+Tool.h */,
				8427B0041B1DE9A3002CA442 /* NSJSONSerialization+Tool.m */,
				8427B0061B241A80002CA442 /* NSString+Tool.h */,
				8427B0071B241A80002CA442 /* NSString+Tool.m */,
				84B15E3F1B2F120B004761F9 /* DownloadManager.h */,
				84B15E401B2F120B004761F9 /* DownloadManager.m */,
			);
			name = Utles;
			sourceTree = "<group>";
		};
		84B5D77C1B0B8878006F413D /* Images */ = {
			isa = PBXGroup;
			children = (
				84F053F21B14B5D600C441AC /* folder.png */,
				84F053DB1B11A5EB00C441AC /* lefttab_select_1.png */,
				84F053DC1B11A5EB00C441AC /* lefttab_select_2.png */,
				84F053DD1B11A5EB00C441AC /* lefttab_select_3.png */,
				84F053D51B1171C100C441AC /* lefttab_1.png */,
				84F053D61B1171C100C441AC /* lefttab_2.png */,
				84F053D71B1171C100C441AC /* lefttab_3.png */,
				84F053D31B11629700C441AC /* default_userPortrait.png */,
			);
			name = Images;
			sourceTree = "<group>";
		};
		84B5D77D1B0B887F006F413D /* Source */ = {
			isa = PBXGroup;
			children = (
				84B5D7811B0B88E6006F413D /* AppDelegate.h */,
				84B5D7821B0B88E6006F413D /* AppDelegate.m */,
				84B5D7801B0B88A6006F413D /* Modles */,
				84B5D77F1B0B88A0006F413D /* Views */,
				84B5D77E1B0B8895006F413D /* ViewControllers */,
			);
			name = Source;
			sourceTree = "<group>";
		};
		84B5D77E1B0B8895006F413D /* ViewControllers */ = {
			isa = PBXGroup;
			children = (
				84B5D79E1B0B8A08006F413D /* EBSBaseViewController.h */,
				84B5D79F1B0B8A08006F413D /* EBSBaseViewController.m */,
				84F053C51B10B2AB00C441AC /* EBSMainViewController.h */,
				84F053C61B10B2AB00C441AC /* EBSMainViewController.m */,
				84B5D7A01B0B8A08006F413D /* EBSTabBarViewController.h */,
				84B5D7A11B0B8A08006F413D /* EBSTabBarViewController.m */,
				84F053E11B11BC8500C441AC /* LoginViewController */,
				84B5D79D1B0B89B3006F413D /* PersonalCenterViewController */,
				84B5D79C1B0B899C006F413D /* FileDownloadViewController */,
				84B5D79B1B0B8989006F413D /* HomeController */,
				8427AFF91B1A04F4002CA442 /* TestViewController.h */,
				8427AFFA1B1A04F4002CA442 /* TestViewController.m */,
			);
			name = ViewControllers;
			sourceTree = "<group>";
		};
		84B5D77F1B0B88A0006F413D /* Views */ = {
			isa = PBXGroup;
			children = (
				84F053841B0E19FD00C441AC /* HomeListTableViewCell.h */,
				84F053851B0E19FD00C441AC /* HomeListTableViewCell.m */,
				84F053CB1B10CA0A00C441AC /* MainTableViewCell.h */,
				84F053CC1B10CA0A00C441AC /* MainTableViewCell.m */,
			);
			name = Views;
			sourceTree = "<group>";
		};
		84B5D7801B0B88A6006F413D /* Modles */ = {
			isa = PBXGroup;
			children = (
				8427AFFC1B1B496F002CA442 /* DataRequest */,
				8427AFF51B18BCB2002CA442 /* DataParser */,
				8427AFEE1B175797002CA442 /* DataPackage */,
				84F053EB1B121B9900C441AC /* CoreDataModle */,
				84F0538D1B0E293B00C441AC /* HomeDataModle.h */,
				84F0538E1B0E293B00C441AC /* HomeDataModle.m */,
				84F053CE1B10CA7000C441AC /* MainDataModle.h */,
				84F053CF1B10CA7000C441AC /* MainDataModle.m */,
				84F053E51B11BD5F00C441AC /* UserInfoModle.h */,
				84F053E61B11BD5F00C441AC /* UserInfoModle.m */,
				84F053F51B14BFB800C441AC /* CommonDefine.h */,
			);
			name = Modles;
			sourceTree = "<group>";
		};
		84B5D79B1B0B8989006F413D /* HomeController */ = {
			isa = PBXGroup;
			children = (
				84B5D7AA1B0B8A4F006F413D /* HomeViewController.h */,
				84B5D7AB1B0B8A4F006F413D /* HomeViewController.m */,
			);
			name = HomeController;
			sourceTree = "<group>";
		};
		84B5D79C1B0B899C006F413D /* FileDownloadViewController */ = {
			isa = PBXGroup;
			children = (
				84B5D7A71B0B8A3C006F413D /* FileManagerViewController.h */,
				84B5D7A81B0B8A3C006F413D /* FileManagerViewController.m */,
			);
			name = FileDownloadViewController;
			sourceTree = "<group>";
		};
		84B5D79D1B0B89B3006F413D /* PersonalCenterViewController */ = {
			isa = PBXGroup;
			children = (
				84B5D7A41B0B8A2C006F413D /* PersonalCenterViewController.h */,
				84B5D7A51B0B8A2C006F413D /* PersonalCenterViewController.m */,
			);
			name = PersonalCenterViewController;
			sourceTree = "<group>";
		};
		84F053E11B11BC8500C441AC /* LoginViewController */ = {
			isa = PBXGroup;
			children = (
				84F053E21B11BCBA00C441AC /* LoginViewController.h */,
				84F053E31B11BCBA00C441AC /* LoginViewController.m */,
			);
			name = LoginViewController;
			sourceTree = "<group>";
		};
		84F053EB1B121B9900C441AC /* CoreDataModle */ = {
			isa = PBXGroup;
			children = (
				84F053EC1B121BC000C441AC /* HomeListDataModle.h */,
				84F053ED1B121BC000C441AC /* HomeListDataModle.m */,
				84F053EF1B121BED00C441AC /* HomeDataHelper.h */,
				84F053F01B121BED00C441AC /* HomeDataHelper.m */,
			);
			name = CoreDataModle;
			sourceTree = "<group>";
		};
/* End PBXGroup section */

/* Begin PBXNativeTarget section */
		84B5D7471B0B8608006F413D /* DiZiES */ = {
			isa = PBXNativeTarget;
			buildConfigurationList = 84B5D76E1B0B8608006F413D /* Build configuration list for PBXNativeTarget "DiZiES" */;
			buildPhases = (
				84B5D7441B0B8608006F413D /* Sources */,
				84B5D7451B0B8608006F413D /* Frameworks */,
				84B5D7461B0B8608006F413D /* Resources */,
			);
			buildRules = (
			);
			dependencies = (
			);
			name = DiZiES;
			productName = DiZiES;
			productReference = 84B5D7481B0B8608006F413D /* DiZiES.app */;
			productType = "com.apple.product-type.application";
		};
		84B5D7631B0B8608006F413D /* DiZiESTests */ = {
			isa = PBXNativeTarget;
			buildConfigurationList = 84B5D7711B0B8608006F413D /* Build configuration list for PBXNativeTarget "DiZiESTests" */;
			buildPhases = (
				84B5D7601B0B8608006F413D /* Sources */,
				84B5D7611B0B8608006F413D /* Frameworks */,
				84B5D7621B0B8608006F413D /* Resources */,
			);
			buildRules = (
			);
			dependencies = (
				84B5D7661B0B8608006F413D /* PBXTargetDependency */,
			);
			name = DiZiESTests;
			productName = DiZiESTests;
			productReference = 84B5D7641B0B8608006F413D /* DiZiESTests.xctest */;
			productType = "com.apple.product-type.bundle.unit-test";
		};
/* End PBXNativeTarget section */

/* Begin PBXProject section */
		84B5D7401B0B8608006F413D /* Project object */ = {
			isa = PBXProject;
			attributes = {
				LastUpgradeCheck = 0630;
				ORGANIZATIONNAME = DiZiCompanyLimited;
				TargetAttributes = {
					84B5D7471B0B8608006F413D = {
						CreatedOnToolsVersion = 6.3.1;
					};
					84B5D7631B0B8608006F413D = {
						CreatedOnToolsVersion = 6.3.1;
						TestTargetID = 84B5D7471B0B8608006F413D;
					};
				};
			};
			buildConfigurationList = 84B5D7431B0B8608006F413D /* Build configuration list for PBXProject "DiZiES" */;
			compatibilityVersion = "Xcode 3.2";
			developmentRegion = English;
			hasScannedForEncodings = 0;
			knownRegions = (
				en,
				Base,
			);
			mainGroup = 84B5D73F1B0B8608006F413D;
			productRefGroup = 84B5D7491B0B8608006F413D /* Products */;
			projectDirPath = "";
			projectRoot = "";
			targets = (
				84B5D7471B0B8608006F413D /* DiZiES */,
				84B5D7631B0B8608006F413D /* DiZiESTests */,
			);
		};
/* End PBXProject section */

/* Begin PBXResourcesBuildPhase section */
		84B5D7461B0B8608006F413D /* Resources */ = {
			isa = PBXResourcesBuildPhase;
			buildActionMask = 2147483647;
			files = (
				84F053E01B11A5EB00C441AC /* lefttab_select_3.png in Resources */,
				84F053DE1B11A5EB00C441AC /* lefttab_select_1.png in Resources */,
				84F053D81B1171C100C441AC /* lefttab_1.png in Resources */,
				84F053DF1B11A5EB00C441AC /* lefttab_select_2.png in Resources */,
				84B5D79A1B0B8967006F413D /* Main.storyboard in Resources */,
				84F053DA1B1171C100C441AC /* lefttab_3.png in Resources */,
				84B5D7991B0B8967006F413D /* LaunchScreen.xib in Resources */,
				84F053F31B14B5D600C441AC /* folder.png in Resources */,
				84F053D91B1171C100C441AC /* lefttab_2.png in Resources */,
				84B5D7941B0B8944006F413D /* Images.xcassets in Resources */,
				84F053D41B11629700C441AC /* default_userPortrait.png in Resources */,
			);
			runOnlyForDeploymentPostprocessing = 0;
		};
		84B5D7621B0B8608006F413D /* Resources */ = {
			isa = PBXResourcesBuildPhase;
			buildActionMask = 2147483647;
			files = (
			);
			runOnlyForDeploymentPostprocessing = 0;
		};
/* End PBXResourcesBuildPhase section */

/* Begin PBXSourcesBuildPhase section */
		84B5D7441B0B8608006F413D /* Sources */ = {
			isa = PBXSourcesBuildPhase;
			buildActionMask = 2147483647;
			files = (
				84F053C71B10B2AB00C441AC /* EBSMainViewController.m in Sources */,
				8427AFFF1B1B51EE002CA442 /* DataRequest.m in Sources */,
				84B5D7A21B0B8A08006F413D /* EBSBaseViewController.m in Sources */,
				84F053891B0E1BE800C441AC /* UIImage+Tool.m in Sources */,
				84F0538F1B0E293B00C441AC /* HomeDataModle.m in Sources */,
				84B5D7A31B0B8A08006F413D /* EBSTabBarViewController.m in Sources */,
				84B5D7A91B0B8A3C006F413D /* FileManagerViewController.m in Sources */,
				8427B0081B241A80002CA442 /* NSString+Tool.m in Sources */,
				84B15E3D1B288CE2004761F9 /* AFURLResponseSerialization.m in Sources */,
				84B15E211B273291004761F9 /* MBProgressHUD.m in Sources */,
				84B5D7831B0B88E6006F413D /* AppDelegate.m in Sources */,
				84F053861B0E19FD00C441AC /* HomeListTableViewCell.m in Sources */,
				84B5D7A61B0B8A2C006F413D /* PersonalCenterViewController.m in Sources */,
				84B15E361B288CE2004761F9 /* AFHTTPRequestOperation.m in Sources */,
				84B5D7931B0B8944006F413D /* DiZiES.xcdatamodeld in Sources */,
				84B15E3B1B288CE2004761F9 /* AFURLConnectionOperation.m in Sources */,
				84F053CD1B10CA0A00C441AC /* MainTableViewCell.m in Sources */,
				84B15E411B2F120B004761F9 /* DownloadManager.m in Sources */,
				8427B0051B1DE9A3002CA442 /* NSJSONSerialization+Tool.m in Sources */,
				84B5D7AC1B0B8A4F006F413D /* HomeViewController.m in Sources */,
				84B5D74E1B0B8608006F413D /* main.m in Sources */,
				8427AFF81B18BCCD002CA442 /* DataResponseParser.m in Sources */,
				8427AFFB1B1A04F4002CA442 /* TestViewController.m in Sources */,
				84B15E371B288CE2004761F9 /* AFHTTPRequestOperationManager.m in Sources */,
				8427AFF11B1757D0002CA442 /* DataRequestPackage.m in Sources */,
				84B5D78B1B0B891B006F413D /* FileManager.m in Sources */,
				84B15E381B288CE2004761F9 /* AFHTTPSessionManager.m in Sources */,
				84F053D01B10CA7000C441AC /* MainDataModle.m in Sources */,
				84F053E41B11BCBA00C441AC /* LoginViewController.m in Sources */,
				84B15E3C1B288CE2004761F9 /* AFURLRequestSerialization.m in Sources */,
				84B15E3E1B288CE2004761F9 /* AFURLSessionManager.m in Sources */,
				84B15E3A1B288CE2004761F9 /* AFSecurityPolicy.m in Sources */,
				84F053F11B121BED00C441AC /* HomeDataHelper.m in Sources */,
				84B5D78C1B0B891B006F413D /* NSObject+Tool.m in Sources */,
				84B5D78D1B0B891B006F413D /* UIView+Tool.m in Sources */,
				84F053EE1B121BC000C441AC /* HomeListDataModle.m in Sources */,
				84F053E71B11BD5F00C441AC /* UserInfoModle.m in Sources */,
				84B15E391B288CE2004761F9 /* AFNetworkReachabilityManager.m in Sources */,
				84F053821B0CD90400C441AC /* UIColor+Tool.m in Sources */,
			);
			runOnlyForDeploymentPostprocessing = 0;
		};
		84B5D7601B0B8608006F413D /* Sources */ = {
			isa = PBXSourcesBuildPhase;
			buildActionMask = 2147483647;
			files = (
				84B5D76B1B0B8608006F413D /* DiZiESTests.m in Sources */,
			);
			runOnlyForDeploymentPostprocessing = 0;
		};
/* End PBXSourcesBuildPhase section */

/* Begin PBXTargetDependency section */
		84B5D7661B0B8608006F413D /* PBXTargetDependency */ = {
			isa = PBXTargetDependency;
			target = 84B5D7471B0B8608006F413D /* DiZiES */;
			targetProxy = 84B5D7651B0B8608006F413D /* PBXContainerItemProxy */;
		};
/* End PBXTargetDependency section */

/* Begin PBXVariantGroup section */
		84B5D7951B0B8967006F413D /* LaunchScreen.xib */ = {
			isa = PBXVariantGroup;
			children = (
				84B5D7961B0B8967006F413D /* Base */,
			);
			name = LaunchScreen.xib;
			sourceTree = "<group>";
		};
		84B5D7971B0B8967006F413D /* Main.storyboard */ = {
			isa = PBXVariantGroup;
			children = (
				84B5D7981B0B8967006F413D /* Base */,
			);
			name = Main.storyboard;
			sourceTree = "<group>";
		};
/* End PBXVariantGroup section */

/* Begin XCBuildConfiguration section */
		84B5D76C1B0B8608006F413D /* Debug */ = {
			isa = XCBuildConfiguration;
			buildSettings = {
				ALWAYS_SEARCH_USER_PATHS = NO;
				CLANG_CXX_LANGUAGE_STANDARD = "gnu++0x";
				CLANG_CXX_LIBRARY = "libc++";
				CLANG_ENABLE_MODULES = YES;
				CLANG_ENABLE_OBJC_ARC = YES;
				CLANG_WARN_BOOL_CONVERSION = YES;
				CLANG_WARN_CONSTANT_CONVERSION = YES;
				CLANG_WARN_DIRECT_OBJC_ISA_USAGE = YES_ERROR;
				CLANG_WARN_EMPTY_BODY = YES;
				CLANG_WARN_ENUM_CONVERSION = YES;
				CLANG_WARN_INT_CONVERSION = YES;
				CLANG_WARN_OBJC_ROOT_CLASS = YES_ERROR;
				CLANG_WARN_UNREACHABLE_CODE = YES;
				CLANG_WARN__DUPLICATE_METHOD_MATCH = YES;
				"CODE_SIGN_IDENTITY[sdk=iphoneos*]" = "iPhone Developer";
				COPY_PHASE_STRIP = NO;
				DEBUG_INFORMATION_FORMAT = "dwarf-with-dsym";
				ENABLE_STRICT_OBJC_MSGSEND = YES;
				GCC_C_LANGUAGE_STANDARD = gnu99;
				GCC_DYNAMIC_NO_PIC = NO;
				GCC_NO_COMMON_BLOCKS = YES;
				GCC_OPTIMIZATION_LEVEL = 0;
				GCC_PREPROCESSOR_DEFINITIONS = (
					"DEBUG=1",
					"$(inherited)",
				);
				GCC_SYMBOLS_PRIVATE_EXTERN = NO;
				GCC_WARN_64_TO_32_BIT_CONVERSION = YES;
				GCC_WARN_ABOUT_RETURN_TYPE = YES_ERROR;
				GCC_WARN_UNDECLARED_SELECTOR = YES;
				GCC_WARN_UNINITIALIZED_AUTOS = YES_AGGRESSIVE;
				GCC_WARN_UNUSED_FUNCTION = YES;
				GCC_WARN_UNUSED_VARIABLE = YES;
				IPHONEOS_DEPLOYMENT_TARGET = 7.0;
				MTL_ENABLE_DEBUG_INFO = YES;
				ONLY_ACTIVE_ARCH = YES;
				SDKROOT = iphoneos;
				TARGETED_DEVICE_FAMILY = 2;
			};
			name = Debug;
		};
		84B5D76D1B0B8608006F413D /* Release */ = {
			isa = XCBuildConfiguration;
			buildSettings = {
				ALWAYS_SEARCH_USER_PATHS = NO;
				CLANG_CXX_LANGUAGE_STANDARD = "gnu++0x";
				CLANG_CXX_LIBRARY = "libc++";
				CLANG_ENABLE_MODULES = YES;
				CLANG_ENABLE_OBJC_ARC = YES;
				CLANG_WARN_BOOL_CONVERSION = YES;
				CLANG_WARN_CONSTANT_CONVERSION = YES;
				CLANG_WARN_DIRECT_OBJC_ISA_USAGE = YES_ERROR;
				CLANG_WARN_EMPTY_BODY = YES;
				CLANG_WARN_ENUM_CONVERSION = YES;
				CLANG_WARN_INT_CONVERSION = YES;
				CLANG_WARN_OBJC_ROOT_CLASS = YES_ERROR;
				CLANG_WARN_UNREACHABLE_CODE = YES;
				CLANG_WARN__DUPLICATE_METHOD_MATCH = YES;
				"CODE_SIGN_IDENTITY[sdk=iphoneos*]" = "iPhone Developer";
				COPY_PHASE_STRIP = NO;
				DEBUG_INFORMATION_FORMAT = "dwarf-with-dsym";
				ENABLE_NS_ASSERTIONS = NO;
				ENABLE_STRICT_OBJC_MSGSEND = YES;
				GCC_C_LANGUAGE_STANDARD = gnu99;
				GCC_NO_COMMON_BLOCKS = YES;
				GCC_WARN_64_TO_32_BIT_CONVERSION = YES;
				GCC_WARN_ABOUT_RETURN_TYPE = YES_ERROR;
				GCC_WARN_UNDECLARED_SELECTOR = YES;
				GCC_WARN_UNINITIALIZED_AUTOS = YES_AGGRESSIVE;
				GCC_WARN_UNUSED_FUNCTION = YES;
				GCC_WARN_UNUSED_VARIABLE = YES;
				IPHONEOS_DEPLOYMENT_TARGET = 7.0;
				MTL_ENABLE_DEBUG_INFO = NO;
				SDKROOT = iphoneos;
				TARGETED_DEVICE_FAMILY = 2;
				VALIDATE_PRODUCT = YES;
			};
			name = Release;
		};
		84B5D76F1B0B8608006F413D /* Debug */ = {
			isa = XCBuildConfiguration;
			buildSettings = {
				ASSETCATALOG_COMPILER_APPICON_NAME = AppIcon;
				INFOPLIST_FILE = DiZiES/Info.plist;
				IPHONEOS_DEPLOYMENT_TARGET = 7.0;
				LD_RUNPATH_SEARCH_PATHS = "$(inherited) @executable_path/Frameworks";
				PRODUCT_NAME = "$(TARGET_NAME)";
			};
			name = Debug;
		};
		84B5D7701B0B8608006F413D /* Release */ = {
			isa = XCBuildConfiguration;
			buildSettings = {
				ASSETCATALOG_COMPILER_APPICON_NAME = AppIcon;
				INFOPLIST_FILE = DiZiES/Info.plist;
				IPHONEOS_DEPLOYMENT_TARGET = 7.0;
				LD_RUNPATH_SEARCH_PATHS = "$(inherited) @executable_path/Frameworks";
				PRODUCT_NAME = "$(TARGET_NAME)";
			};
			name = Release;
		};
		84B5D7721B0B8608006F413D /* Debug */ = {
			isa = XCBuildConfiguration;
			buildSettings = {
				BUNDLE_LOADER = "$(TEST_HOST)";
				FRAMEWORK_SEARCH_PATHS = (
					"$(SDKROOT)/Developer/Library/Frameworks",
					"$(inherited)",
				);
				GCC_PREPROCESSOR_DEFINITIONS = (
					"DEBUG=1",
					"$(inherited)",
				);
				INFOPLIST_FILE = DiZiESTests/Info.plist;
				LD_RUNPATH_SEARCH_PATHS = "$(inherited) @executable_path/Frameworks @loader_path/Frameworks";
				PRODUCT_NAME = "$(TARGET_NAME)";
				TEST_HOST = "$(BUILT_PRODUCTS_DIR)/DiZiES.app/DiZiES";
			};
			name = Debug;
		};
		84B5D7731B0B8608006F413D /* Release */ = {
			isa = XCBuildConfiguration;
			buildSettings = {
				BUNDLE_LOADER = "$(TEST_HOST)";
				FRAMEWORK_SEARCH_PATHS = (
					"$(SDKROOT)/Developer/Library/Frameworks",
					"$(inherited)",
				);
				INFOPLIST_FILE = DiZiESTests/Info.plist;
				LD_RUNPATH_SEARCH_PATHS = "$(inherited) @executable_path/Frameworks @loader_path/Frameworks";
				PRODUCT_NAME = "$(TARGET_NAME)";
				TEST_HOST = "$(BUILT_PRODUCTS_DIR)/DiZiES.app/DiZiES";
			};
			name = Release;
		};
/* End XCBuildConfiguration section */

/* Begin XCConfigurationList section */
		84B5D7431B0B8608006F413D /* Build configuration list for PBXProject "DiZiES" */ = {
			isa = XCConfigurationList;
			buildConfigurations = (
				84B5D76C1B0B8608006F413D /* Debug */,
				84B5D76D1B0B8608006F413D /* Release */,
			);
			defaultConfigurationIsVisible = 0;
			defaultConfigurationName = Release;
		};
		84B5D76E1B0B8608006F413D /* Build configuration list for PBXNativeTarget "DiZiES" */ = {
			isa = XCConfigurationList;
			buildConfigurations = (
				84B5D76F1B0B8608006F413D /* Debug */,
				84B5D7701B0B8608006F413D /* Release */,
			);
			defaultConfigurationIsVisible = 0;
			defaultConfigurationName = Release;
		};
		84B5D7711B0B8608006F413D /* Build configuration list for PBXNativeTarget "DiZiESTests" */ = {
			isa = XCConfigurationList;
			buildConfigurations = (
				84B5D7721B0B8608006F413D /* Debug */,
				84B5D7731B0B8608006F413D /* Release */,
			);
			defaultConfigurationIsVisible = 0;
			defaultConfigurationName = Release;
		};
/* End XCConfigurationList section */

/* Begin XCVersionGroup section */
		84B5D78F1B0B8944006F413D /* DiZiES.xcdatamodeld */ = {
			isa = XCVersionGroup;
			children = (
				84B5D7901B0B8944006F413D /* DiZiES.xcdatamodel */,
			);
			currentVersion = 84B5D7901B0B8944006F413D /* DiZiES.xcdatamodel */;
			path = DiZiES.xcdatamodeld;
			sourceTree = "<group>";
			versionGroupType = wrapper.xcdatamodel;
		};
/* End XCVersionGroup section */
	};
	rootObject = 84B5D7401B0B8608006F413D /* Project object */;
}
